{
  "lockfileVersion": 1,
  "dependencies": {
    "coweb-jsoe": {
      "version": "0.8.3",
      "resolved": "https://registry.npmjs.org/coweb-jsoe/-/coweb-jsoe-0.8.3.tgz",
      "integrity": "sha1-oSgNcbsXclQSxRSFbY67r+0tss0="
    },
    "requirejs": {
      "version": "2.0.6",
      "resolved": "https://registry.npmjs.org/requirejs/-/requirejs-2.0.6.tgz",
      "integrity": "sha1-vG3SRKpjgYXPY2mGkvc5p8idKWw="
    }
  }
}
